// !$*UTF8*$!
{
	archiveVersion = 1;
	classes = {
	};
	objectVersion = 50;
	objects = {

/* Begin PBXBuildFile section */
		C72B2B2220CAB8750031B05A /* AppDelegate.swift in Sources */ = {isa = PBXBuildFile; fileRef = C72B2B2120CAB8750031B05A /* AppDelegate.swift */; };
		C72B2B2420CAB8750031B05A /* ViewController.swift in Sources */ = {isa = PBXBuildFile; fileRef = C72B2B2320CAB8750031B05A /* ViewController.swift */; };
		C72B2B2720CAB8750031B05A /* Main.storyboard in Resources */ = {isa = PBXBuildFile; fileRef = C72B2B2520CAB8750031B05A /* Main.storyboard */; };
		C72B2B2920CAB8770031B05A /* Assets.xcassets in Resources */ = {isa = PBXBuildFile; fileRef = C72B2B2820CAB8770031B05A /* Assets.xcassets */; };
		C72B2B2C20CAB8770031B05A /* LaunchScreen.storyboard in Resources */ = {isa = PBXBuildFile; fileRef = C72B2B2A20CAB8770031B05A /* LaunchScreen.storyboard */; };
		C72B2B3420CAB8960031B05A /* Complex.swift in Sources */ = {isa = PBXBuildFile; fileRef = C72B2B3320CAB8960031B05A /* Complex.swift */; };
/* End PBXBuildFile section */

/* Begin PBXFileReference section */
		C72B2B1E20CAB8750031B05A /* Playground_Equatables.app */ = {isa = PBXFileReference; explicitFileType = wrapper.application; includeInIndex = 0; path = Playground_Equatables.app; sourceTree = BUILT_PRODUCTS_DIR; };
		C72B2B2120CAB8750031B05A /* AppDelegate.swift */ = {isa = PBXFileReference; lastKnownFileType = sourcecode.swift; path = AppDelegate.swift; sourceTree = "<group>"; };
		C72B2B2320CAB8750031B05A /* ViewController.swift */ = {isa = PBXFileReference; lastKnownFileType = sourcecode.swift; path = ViewController.swift; sourceTree = "<group>"; };
		C72B2B2620CAB8750031B05A /* Base */ = {isa = PBXFileReference; lastKnownFileType = file.storyboard; name = Base; path = Base.lproj/Main.storyboard; sourceTree = "<group>"; };
		C72B2B2820CAB8770031B05A /* Assets.xcassets */ = {isa = PBXFileReference; lastKnownFileType = folder.assetcatalog; path = Assets.xcassets; sourceTree = "<group>"; };
		C72B2B2B20CAB8770031B05A /* Base */ = {isa = PBXFileReference; lastKnownFileType = file.storyboard; name = Base; path = Base.lproj/LaunchScreen.storyboard; sourceTree = "<group>"; };
		C72B2B2D20CAB8770031B05A /* Info.plist */ = {isa = PBXFileReference; lastKnownFileType = text.plist.xml; path = Info.plist; sourceTree = "<group>"; };
		C72B2B3320CAB8960031B05A /* Complex.swift */ = {isa = PBXFileReference; lastKnownFileType = sourcecode.swift; path = Complex.swift; sourceTree = "<group>"; };
/* End PBXFileReference section */

/* Begin PBXFrameworksBuildPhase section */
		C72B2B1B20CAB8750031B05A /* Frameworks */ = {
			isa = PBXFrameworksBuildPhase;
			buildActionMask = 2147483647;
			files = (
			);
			runOnlyForDeploymentPostprocessing = 0;
		};
/* End PBXFrameworksBuildPhase section */

/* Begin PBXGroup section */
		C72B2B1520CAB8750031B05A = {
			isa = PBXGroup;
			children = (
				C72B2B2020CAB8750031B05A /* Playground_Equatables */,
				C72B2B1F20CAB8750031B05A /* Products */,
			);
			sourceTree = "<group>";
		};
		C72B2B1F20CAB8750031B05A /* Products */ = {
			isa = PBXGroup;
			children = (
				C72B2B1E20CAB8750031B05A /* Playground_Equatables.app */,
			);
			name = Products;
			sourceTree = "<group>";
		};
		C72B2B2020CAB8750031B05A /* Playground_Equatables */ = {
			isa = PBXGroup;
			children = (
				C72B2B2120CAB8750031B05A /* AppDelegate.swift */,
				C72B2B2320CAB8750031B05A /* ViewController.swift */,
				C72B2B3320CAB8960031B05A /* Complex.swift */,
				C72B2B2520CAB8750031B05A /* Main.storyboard */,
				C72B2B2820CAB8770031B05A /* Assets.xcassets */,
				C72B2B2A20CAB8770031B05A /* LaunchScreen.storyboard */,
				C72B2B2D20CAB8770031B05A /* Info.plist */,
			);
			path = Playground_Equatables;
			sourceTree = "<group>";
		};
/* End PBXGroup section */

/* Begin PBXNativeTarget section */
		C72B2B1D20CAB8750031B05A /* Playground_Equatables */ = {
			isa = PBXNativeTarget;
			buildConfigurationList = C72B2B3020CAB8770031B05A /* Build configuration list for PBXNativeTarget "Playground_Equatables" */;
			buildPhases = (
				C72B2B1A20CAB8750031B05A /* Sources */,
				C72B2B1B20CAB8750031B05A /* Frameworks */,
				C72B2B1C20CAB8750031B05A /* Resources */,
			);
			buildRules = (
			);
			dependencies = (
			);
			name = Playground_Equatables;
			productName = Playground_Equatables;
			productReference = C72B2B1E20CAB8750031B05A /* Playground_Equatables.app */;
			productType = "com.apple.product-type.application";
		};
/* End PBXNativeTarget section */

/* Begin PBXProject section */
		C72B2B1620CAB8750031B05A /* Project object */ = {
			isa = PBXProject;
			attributes = {
				LastSwiftUpdateCheck = 0930;
				LastUpgradeCheck = 0930;
				ORGANIZATIONNAME = myself;
				TargetAttributes = {
					C72B2B1D20CAB8750031B05A = {
						CreatedOnToolsVersion = 9.3;
					};
				};
			};
			buildConfigurationList = C72B2B1920CAB8750031B05A /* Build configuration list for PBXProject "Playground_Equatables" */;
			compatibilityVersion = "Xcode 9.3";
			developmentRegion = en;
			hasScannedForEncodings = 0;
			knownRegions = (
				en,
				Base,
			);
			mainGroup = C72B2B1520CAB8750031B05A;
			productRefGroup = C72B2B1F20CAB8750031B05A /* Products */;
			projectDirPath = "";
			projectRoot = "";
			targets = (
				C72B2B1D20CAB8750031B05A /* Playground_Equatables */,
			);
		};
/* End PBXProject section */

/* Begin PBXResourcesBuildPhase section */
		C72B2B1C20CAB8750031B05A /* Resources */ = {
			isa = PBXResourcesBuildPhase;
			buildActionMask = 2147483647;
			files = (
				C72B2B2C20CAB8770031B05A /* LaunchScreen.storyboard in Resources */,
				C72B2B2920CAB8770031B05A /* Assets.xcassets in Resources */,
				C72B2B2720CAB8750031B05A /* Main.storyboard in Resources */,
			);
			runOnlyForDeploymentPostprocessing = 0;
		};
/* End PBXResourcesBuildPhase section */

/* Begin PBXSourcesBuildPhase section */
		C72B2B1A20CAB8750031B05A /* Sources */ = {
			isa = PBXSourcesBuildPhase;
			buildActionMask = 2147483647;
			files = (
				C72B2B2420CAB8750031B05A /* ViewController.swift in Sources */,
				C72B2B3420CAB8960031B05A /* Complex.swift in Sources */,
				C72B2B2220CAB8750031B05A /* AppDelegate.swift in Sources */,
			);
			runOnlyForDeploymentPostprocessing = 0;
		};
/* End PBXSourcesBuildPhase section */

/* Begin PBXVariantGroup section */
		C72B2B2520CAB8750031B05A /* Main.storyboard */ = {
			isa = PBXVariantGroup;
			children = (
				C72B2B2620CAB8750031B05A /* Base */,
			);
			name = Main.storyboard;
			sourceTree = "<group>";
		};
		C72B2B2A20CAB8770031B05A /* LaunchScreen.storyboard */ = {
			isa = PBXVariantGroup;
			children = (
				C72B2B2B20CAB8770031B05A /* Base */,
			);
			name = LaunchScreen.storyboard;
			sourceTree = "<group>";
		};
/* End PBXVariantGroup section */

/* Begin XCBuildConfiguration section */
		C72B2B2E20CAB8770031B05A /* Debug */ = {
			isa = XCBuildConfiguration;
			buildSettings = {
				ALWAYS_SEARCH_USER_PATHS = NO;
				CLANG_ANALYZER_NONNULL = YES;
				CLANG_ANALYZER_NUMBER_OBJECT_CONVERSION = YES_AGGRESSIVE;
				CLANG_CXX_LANGUAGE_STANDARD = "gnu++14";
				CLANG_CXX_LIBRARY = "libc++";
				CLANG_ENABLE_MODULES = YES;
				CLANG_ENABLE_OBJC_ARC = YES;
				CLANG_ENABLE_OBJC_WEAK = YES;
				CLANG_WARN_BLOCK_CAPTURE_AUTORELEASING = YES;
				CLANG_WARN_BOOL_CONVERSION = YES;
				CLANG_WARN_COMMA = YES;
				CLANG_WARN_CONSTANT_CONVERSION = YES;
				CLANG_WARN_DEPRECATED_OBJC_IMPLEMENTATIONS = YES;
				CLANG_WARN_DIRECT_OBJC_ISA_USAGE = YES_ERROR;
				CLANG_WARN_DOCUMENTATION_COMMENTS = YES;
				CLANG_WARN_EMPTY_BODY = YES;
				CLANG_WARN_ENUM_CONVERSION = YES;
				CLANG_WARN_INFINITE_RECURSION = YES;
				CLANG_WARN_INT_CONVERSION = YES;
				CLANG_WARN_NON_LITERAL_NULL_CONVERSION = YES;
				CLANG_WARN_OBJC_IMPLICIT_RETAIN_SELF = YES;
				CLANG_WARN_OBJC_LITERAL_CONVERSION = YES;
				CLANG_WARN_OBJC_ROOT_CLASS = YES_ERROR;
				CLANG_WARN_RANGE_LOOP_ANALYSIS = YES;
				CLANG_WARN_STRICT_PROTOTYPES = YES;
				CLANG_WARN_SUSPICIOUS_MOVE = YES;
				CLANG_WARN_UNGUARDED_AVAILABILITY = YES_AGGRESSIVE;
				CLANG_WARN_UNREACHABLE_CODE = YES;
				CLANG_WARN__DUPLICATE_METHOD_MATCH = YES;
				CODE_SIGN_IDENTITY = "iPhone Developer";
				COPY_PHASE_STRIP = NO;
				DEBUG_INFORMATION_FORMAT = dwarf;
				ENABLE_STRICT_OBJC_MSGSEND = YES;
				ENABLE_TESTABILITY = YES;
				GCC_C_LANGUAGE_STANDARD = gnu11;
				GCC_DYNAMIC_NO_PIC = NO;
				GCC_NO_COMMON_BLOCKS = YES;
				GCC_OPTIMIZATION_LEVEL = 0;
				GCC_PREPROCESSOR_DEFINITIONS = (
					"DEBUG=1",
					"$(inherited)",
				);
				GCC_WARN_64_TO_32_BIT_CONVERSION = YES;
				GCC_WARN_ABOUT_RETURN_TYPE = YES_ERROR;
				GCC_WARN_UNDECLARED_SELECTOR = YES;
				GCC_WARN_UNINITIALIZED_AUTOS = YES_AGGRESSIVE;
				GCC_WARN_UNUSED_FUNCTION = YES;
				GCC_WARN_UNUSED_VARIABLE = YES;
				IPHONEOS_DEPLOYMENT_TARGET = 11.3;
				MTL_ENABLE_DEBUG_INFO = YES;
				ONLY_ACTIVE_ARCH = YES;
				SDKROOT = iphoneos;
				SWIFT_ACTIVE_COMPILATION_CONDITIONS = DEBUG;
				SWIFT_OPTIMIZATION_LEVEL = "-Onone";
			};
			name = Debug;
		};
		C72B2B2F20CAB8770031B05A /* Release */ = {
			isa = XCBuildConfiguration;
			buildSettings = {
				ALWAYS_SEARCH_USER_PATHS = NO;
				CLANG_ANALYZER_NONNULL = YES;
				CLANG_ANALYZER_NUMBER_OBJECT_CONVERSION = YES_AGGRESSIVE;
				CLANG_CXX_LANGUAGE_STANDARD = "gnu++14";
				CLANG_CXX_LIBRARY = "libc++";
				CLANG_ENABLE_MODULES = YES;
				CLANG_ENABLE_OBJC_ARC = YES;
				CLANG_ENABLE_OBJC_WEAK = YES;
				CLANG_WARN_BLOCK_CAPTURE_AUTORELEASING = YES;
				CLANG_WARN_BOOL_CONVERSION = YES;
				CLANG_WARN_COMMA = YES;
				CLANG_WARN_CONSTANT_CONVERSION = YES;
				CLANG_WARN_DEPRECATED_OBJC_IMPLEMENTATIONS = YES;
				CLANG_WARN_DIRECT_OBJC_ISA_USAGE = YES_ERROR;
				CLANG_WARN_DOCUMENTATION_COMMENTS = YES;
				CLANG_WARN_EMPTY_BODY = YES;
				CLANG_WARN_ENUM_CONVERSION = YES;
				CLANG_WARN_INFINITE_RECURSION = YES;
				CLANG_WARN_INT_CONVERSION = YES;
				CLANG_WARN_NON_LITERAL_NULL_CONVERSION = YES;
				CLANG_WARN_OBJC_IMPLICIT_RETAIN_SELF = YES;
				CLANG_WARN_OBJC_LITERAL_CONVERSION = YES;
				CLANG_WARN_OBJC_ROOT_CLASS = YES_ERROR;
				CLANG_WARN_RANGE_LOOP_ANALYSIS = YES;
				CLANG_WARN_STRICT_PROTOTYPES = YES;
				CLANG_WARN_SUSPICIOUS_MOVE = YES;
				CLANG_WARN_UNGUARDED_AVAILABILITY = YES_AGGRESSIVE;
				CLANG_WARN_UNREACHABLE_CODE = YES;
				CLANG_WARN__DUPLICATE_METHOD_MATCH = YES;
				CODE_SIGN_IDENTITY = "iPhone Developer";
				COPY_PHASE_STRIP = NO;
				DEBUG_INFORMATION_FORMAT = "dwarf-with-dsym";
				ENABLE_NS_ASSERTIONS = NO;
				ENABLE_STRICT_OBJC_MSGSEND = YES;
				GCC_C_LANGUAGE_STANDARD = gnu11;
				GCC_NO_COMMON_BLOCKS = YES;
				GCC_WARN_64_TO_32_BIT_CONVERSION = YES;
				GCC_WARN_ABOUT_RETURN_TYPE = YES_ERROR;
				GCC_WARN_UNDECLARED_SELECTOR = YES;
				GCC_WARN_UNINITIALIZED_AUTOS = YES_AGGRESSIVE;
				GCC_WARN_UNUSED_FUNCTION = YES;
				GCC_WARN_UNUSED_VARIABLE = YES;
				IPHONEOS_DEPLOYMENT_TARGET = 11.3;
				MTL_ENABLE_DEBUG_INFO = NO;
				SDKROOT = iphoneos;
				SWIFT_COMPILATION_MODE = wholemodule;
				SWIFT_OPTIMIZATION_LEVEL = "-O";
				VALIDATE_PRODUCT = YES;
			};
			name = Release;
		};
		C72B2B3120CAB8770031B05A /* Debug */ = {
			isa = XCBuildConfiguration;
			buildSettings = {
				ASSETCATALOG_COMPILER_APPICON_NAME = AppIcon;
				CODE_SIGN_STYLE = Automatic;
				DEVELOPMENT_TEAM = Y949AG79NM;
				INFOPLIST_FILE = Playground_Equatables/Info.plist;
				LD_RUNPATH_SEARCH_PATHS = (
					"$(inherited)",
					"@executable_path/Frameworks",
				);
				PRODUCT_BUNDLE_IDENTIFIER = "myself.Playground-Equatables";
				PRODUCT_NAME = "$(TARGET_NAME)";
				SWIFT_VERSION = 4.0;
				TARGETED_DEVICE_FAMILY = "1,2";
			};
			name = Debug;
		};
		C72B2B3220CAB8770031B05A /* Release */ = {
			isa = XCBuildConfiguration;
			buildSettings = {
				ASSETCATALOG_COMPILER_APPICON_NAME = AppIcon;
				CODE_SIGN_STYLE = Automatic;
				DEVELOPMENT_TEAM = Y949AG79NM;
				INFOPLIST_FILE = Playground_Equatables/Info.plist;
				LD_RUNPATH_SEARCH_PATHS = (
					"$(inherited)",
					"@executable_path/Frameworks",
				);
				PRODUCT_BUNDLE_IDENTIFIER = "myself.Playground-Equatables";
				PRODUCT_NAME = "$(TARGET_NAME)";
				SWIFT_VERSION = 4.0;
				TARGETED_DEVICE_FAMILY = "1,2";
			};
			name = Release;
		};
/* End XCBuildConfiguration section */

/* Begin XCConfigurationList section */
		C72B2B1920CAB8750031B05A /* Build configuration list for PBXProject "Playground_Equatables" */ = {
			isa = XCConfigurationList;
			buildConfigurations = (
				C72B2B2E20CAB8770031B05A /* Debug */,
				C72B2B2F20CAB8770031B05A /* Release */,
			);
			defaultConfigurationIsVisible = 0;
			defaultConfigurationName = Release;
		};
		C72B2B3020CAB8770031B05A /* Build configuration list for PBXNativeTarget "Playground_Equatables" */ = {
			isa = XCConfigurationList;
			buildConfigurations = (
				C72B2B3120CAB8770031B05A /* Debug */,
				C72B2B3220CAB8770031B05A /* Release */,
			);
			defaultConfigurationIsVisible = 0;
			defaultConfigurationName = Release;
		};
/* End XCConfigurationList section */
	};
	rootObject = C72B2B1620CAB8750031B05A /* Project object */;
}
