// !$*UTF8*$!
{
	archiveVersion = 1;
	classes = {
	};
	objectVersion = 50;
	objects = {

/* Begin PBXBuildFile section */
		8DEDDDE222619EBC00675B0F /* AppDelegate.swift in Sources */ = {isa = PBXBuildFile; fileRef = 8DEDDDE122619EBC00675B0F /* AppDelegate.swift */; };
		8DEDDDE422619EBC00675B0F /* ViewController.swift in Sources */ = {isa = PBXBuildFile; fileRef = 8DEDDDE322619EBC00675B0F /* ViewController.swift */; };
		8DEDDDE722619EBC00675B0F /* Main.storyboard in Resources */ = {isa = PBXBuildFile; fileRef = 8DEDDDE522619EBC00675B0F /* Main.storyboard */; };
		8DEDDDE922619EBD00675B0F /* Assets.xcassets in Resources */ = {isa = PBXBuildFile; fileRef = 8DEDDDE822619EBD00675B0F /* Assets.xcassets */; };
		8DEDDDEC22619EBD00675B0F /* LaunchScreen.storyboard in Resources */ = {isa = PBXBuildFile; fileRef = 8DEDDDEA22619EBD00675B0F /* LaunchScreen.storyboard */; };
		8DEDDDFA22619F0300675B0F /* PostConstructiorInj.swift in Sources */ = {isa = PBXBuildFile; fileRef = 8DEDDDF922619F0300675B0F /* PostConstructiorInj.swift */; };
		8DEDDDFC22619F2900675B0F /* PostPropertyInj.swift in Sources */ = {isa = PBXBuildFile; fileRef = 8DEDDDFB22619F2900675B0F /* PostPropertyInj.swift */; };
		8DEDDDFE22619F3300675B0F /* PostMethodInj.swift in Sources */ = {isa = PBXBuildFile; fileRef = 8DEDDDFD22619F3300675B0F /* PostMethodInj.swift */; };
		8DEDDE0022619F3D00675B0F /* PostAmbiantInj.swift in Sources */ = {isa = PBXBuildFile; fileRef = 8DEDDDFF22619F3D00675B0F /* PostAmbiantInj.swift */; };
/* End PBXBuildFile section */

/* Begin PBXFileReference section */
		8DEDDDDE22619EBC00675B0F /* Playground_Dependency_Injection_Basis.app */ = {isa = PBXFileReference; explicitFileType = wrapper.application; includeInIndex = 0; path = Playground_Dependency_Injection_Basis.app; sourceTree = BUILT_PRODUCTS_DIR; };
		8DEDDDE122619EBC00675B0F /* AppDelegate.swift */ = {isa = PBXFileReference; lastKnownFileType = sourcecode.swift; path = AppDelegate.swift; sourceTree = "<group>"; };
		8DEDDDE322619EBC00675B0F /* ViewController.swift */ = {isa = PBXFileReference; lastKnownFileType = sourcecode.swift; path = ViewController.swift; sourceTree = "<group>"; };
		8DEDDDE622619EBC00675B0F /* Base */ = {isa = PBXFileReference; lastKnownFileType = file.storyboard; name = Base; path = Base.lproj/Main.storyboard; sourceTree = "<group>"; };
		8DEDDDE822619EBD00675B0F /* Assets.xcassets */ = {isa = PBXFileReference; lastKnownFileType = folder.assetcatalog; path = Assets.xcassets; sourceTree = "<group>"; };
		8DEDDDEB22619EBD00675B0F /* Base */ = {isa = PBXFileReference; lastKnownFileType = file.storyboard; name = Base; path = Base.lproj/LaunchScreen.storyboard; sourceTree = "<group>"; };
		8DEDDDED22619EBD00675B0F /* Info.plist */ = {isa = PBXFileReference; lastKnownFileType = text.plist.xml; path = Info.plist; sourceTree = "<group>"; };
		8DEDDDF922619F0300675B0F /* PostConstructiorInj.swift */ = {isa = PBXFileReference; lastKnownFileType = sourcecode.swift; path = PostConstructiorInj.swift; sourceTree = "<group>"; };
		8DEDDDFB22619F2900675B0F /* PostPropertyInj.swift */ = {isa = PBXFileReference; lastKnownFileType = sourcecode.swift; path = PostPropertyInj.swift; sourceTree = "<group>"; };
		8DEDDDFD22619F3300675B0F /* PostMethodInj.swift */ = {isa = PBXFileReference; lastKnownFileType = sourcecode.swift; path = PostMethodInj.swift; sourceTree = "<group>"; };
		8DEDDDFF22619F3D00675B0F /* PostAmbiantInj.swift */ = {isa = PBXFileReference; lastKnownFileType = sourcecode.swift; path = PostAmbiantInj.swift; sourceTree = "<group>"; };
/* End PBXFileReference section */

/* Begin PBXFrameworksBuildPhase section */
		8DEDDDDB22619EBC00675B0F /* Frameworks */ = {
			isa = PBXFrameworksBuildPhase;
			buildActionMask = 2147483647;
			files = (
			);
			runOnlyForDeploymentPostprocessing = 0;
		};
/* End PBXFrameworksBuildPhase section */

/* Begin PBXGroup section */
		8DEDDDD522619EBC00675B0F = {
			isa = PBXGroup;
			children = (
				8DEDDDE022619EBC00675B0F /* Playground_Dependency_Injection_Basis */,
				8DEDDDDF22619EBC00675B0F /* Products */,
			);
			sourceTree = "<group>";
		};
		8DEDDDDF22619EBC00675B0F /* Products */ = {
			isa = PBXGroup;
			children = (
				8DEDDDDE22619EBC00675B0F /* Playground_Dependency_Injection_Basis.app */,
			);
			name = Products;
			sourceTree = "<group>";
		};
		8DEDDDE022619EBC00675B0F /* Playground_Dependency_Injection_Basis */ = {
			isa = PBXGroup;
			children = (
				8DEDDDE122619EBC00675B0F /* AppDelegate.swift */,
				8DEDDDE322619EBC00675B0F /* ViewController.swift */,
				8DEDDDF922619F0300675B0F /* PostConstructiorInj.swift */,
				8DEDDDFB22619F2900675B0F /* PostPropertyInj.swift */,
				8DEDDDFD22619F3300675B0F /* PostMethodInj.swift */,
				8DEDDDFF22619F3D00675B0F /* PostAmbiantInj.swift */,
				8DEDDDE522619EBC00675B0F /* Main.storyboard */,
				8DEDDDE822619EBD00675B0F /* Assets.xcassets */,
				8DEDDDEA22619EBD00675B0F /* LaunchScreen.storyboard */,
				8DEDDDED22619EBD00675B0F /* Info.plist */,
			);
			path = Playground_Dependency_Injection_Basis;
			sourceTree = "<group>";
		};
/* End PBXGroup section */

/* Begin PBXNativeTarget section */
		8DEDDDDD22619EBC00675B0F /* Playground_Dependency_Injection_Basis */ = {
			isa = PBXNativeTarget;
			buildConfigurationList = 8DEDDDF022619EBD00675B0F /* Build configuration list for PBXNativeTarget "Playground_Dependency_Injection_Basis" */;
			buildPhases = (
				8DEDDDDA22619EBC00675B0F /* Sources */,
				8DEDDDDB22619EBC00675B0F /* Frameworks */,
				8DEDDDDC22619EBC00675B0F /* Resources */,
			);
			buildRules = (
			);
			dependencies = (
			);
			name = Playground_Dependency_Injection_Basis;
			productName = Playground_Dependency_Injection_Basis;
			productReference = 8DEDDDDE22619EBC00675B0F /* Playground_Dependency_Injection_Basis.app */;
			productType = "com.apple.product-type.application";
		};
/* End PBXNativeTarget section */

/* Begin PBXProject section */
		8DEDDDD622619EBC00675B0F /* Project object */ = {
			isa = PBXProject;
			attributes = {
				LastSwiftUpdateCheck = 1010;
				LastUpgradeCheck = 1010;
				ORGANIZATIONNAME = "Romuald Brochard";
				TargetAttributes = {
					8DEDDDDD22619EBC00675B0F = {
						CreatedOnToolsVersion = 10.1;
					};
				};
			};
			buildConfigurationList = 8DEDDDD922619EBC00675B0F /* Build configuration list for PBXProject "Playground_Dependency_Injection_Basis" */;
			compatibilityVersion = "Xcode 9.3";
			developmentRegion = en;
			hasScannedForEncodings = 0;
			knownRegions = (
				en,
				Base,
			);
			mainGroup = 8DEDDDD522619EBC00675B0F;
			productRefGroup = 8DEDDDDF22619EBC00675B0F /* Products */;
			projectDirPath = "";
			projectRoot = "";
			targets = (
				8DEDDDDD22619EBC00675B0F /* Playground_Dependency_Injection_Basis */,
			);
		};
/* End PBXProject section */

/* Begin PBXResourcesBuildPhase section */
		8DEDDDDC22619EBC00675B0F /* Resources */ = {
			isa = PBXResourcesBuildPhase;
			buildActionMask = 2147483647;
			files = (
				8DEDDDEC22619EBD00675B0F /* LaunchScreen.storyboard in Resources */,
				8DEDDDE922619EBD00675B0F /* Assets.xcassets in Resources */,
				8DEDDDE722619EBC00675B0F /* Main.storyboard in Resources */,
			);
			runOnlyForDeploymentPostprocessing = 0;
		};
/* End PBXResourcesBuildPhase section */

/* Begin PBXSourcesBuildPhase section */
		8DEDDDDA22619EBC00675B0F /* Sources */ = {
			isa = PBXSourcesBuildPhase;
			buildActionMask = 2147483647;
			files = (
				8DEDDDE422619EBC00675B0F /* ViewController.swift in Sources */,
				8DEDDE0022619F3D00675B0F /* PostAmbiantInj.swift in Sources */,
				8DEDDDFC22619F2900675B0F /* PostPropertyInj.swift in Sources */,
				8DEDDDFA22619F0300675B0F /* PostConstructiorInj.swift in Sources */,
				8DEDDDE222619EBC00675B0F /* AppDelegate.swift in Sources */,
				8DEDDDFE22619F3300675B0F /* PostMethodInj.swift in Sources */,
			);
			runOnlyForDeploymentPostprocessing = 0;
		};
/* End PBXSourcesBuildPhase section */

/* Begin PBXVariantGroup section */
		8DEDDDE522619EBC00675B0F /* Main.storyboard */ = {
			isa = PBXVariantGroup;
			children = (
				8DEDDDE622619EBC00675B0F /* Base */,
			);
			name = Main.storyboard;
			sourceTree = "<group>";
		};
		8DEDDDEA22619EBD00675B0F /* LaunchScreen.storyboard */ = {
			isa = PBXVariantGroup;
			children = (
				8DEDDDEB22619EBD00675B0F /* Base */,
			);
			name = LaunchScreen.storyboard;
			sourceTree = "<group>";
		};
/* End PBXVariantGroup section */

/* Begin XCBuildConfiguration section */
		8DEDDDEE22619EBD00675B0F /* Debug */ = {
			isa = XCBuildConfiguration;
			buildSettings = {
				ALWAYS_SEARCH_USER_PATHS = NO;
				CLANG_ANALYZER_NONNULL = YES;
				CLANG_ANALYZER_NUMBER_OBJECT_CONVERSION = YES_AGGRESSIVE;
				CLANG_CXX_LANGUAGE_STANDARD = "gnu++14";
				CLANG_CXX_LIBRARY = "libc++";
				CLANG_ENABLE_MODULES = YES;
				CLANG_ENABLE_OBJC_ARC = YES;
				CLANG_ENABLE_OBJC_WEAK = YES;
				CLANG_WARN_BLOCK_CAPTURE_AUTORELEASING = YES;
				CLANG_WARN_BOOL_CONVERSION = YES;
				CLANG_WARN_COMMA = YES;
				CLANG_WARN_CONSTANT_CONVERSION = YES;
				CLANG_WARN_DEPRECATED_OBJC_IMPLEMENTATIONS = YES;
				CLANG_WARN_DIRECT_OBJC_ISA_USAGE = YES_ERROR;
				CLANG_WARN_DOCUMENTATION_COMMENTS = YES;
				CLANG_WARN_EMPTY_BODY = YES;
				CLANG_WARN_ENUM_CONVERSION = YES;
				CLANG_WARN_INFINITE_RECURSION = YES;
				CLANG_WARN_INT_CONVERSION = YES;
				CLANG_WARN_NON_LITERAL_NULL_CONVERSION = YES;
				CLANG_WARN_OBJC_IMPLICIT_RETAIN_SELF = YES;
				CLANG_WARN_OBJC_LITERAL_CONVERSION = YES;
				CLANG_WARN_OBJC_ROOT_CLASS = YES_ERROR;
				CLANG_WARN_RANGE_LOOP_ANALYSIS = YES;
				CLANG_WARN_STRICT_PROTOTYPES = YES;
				CLANG_WARN_SUSPICIOUS_MOVE = YES;
				CLANG_WARN_UNGUARDED_AVAILABILITY = YES_AGGRESSIVE;
				CLANG_WARN_UNREACHABLE_CODE = YES;
				CLANG_WARN__DUPLICATE_METHOD_MATCH = YES;
				CODE_SIGN_IDENTITY = "iPhone Developer";
				COPY_PHASE_STRIP = NO;
				DEBUG_INFORMATION_FORMAT = dwarf;
				ENABLE_STRICT_OBJC_MSGSEND = YES;
				ENABLE_TESTABILITY = YES;
				GCC_C_LANGUAGE_STANDARD = gnu11;
				GCC_DYNAMIC_NO_PIC = NO;
				GCC_NO_COMMON_BLOCKS = YES;
				GCC_OPTIMIZATION_LEVEL = 0;
				GCC_PREPROCESSOR_DEFINITIONS = (
					"DEBUG=1",
					"$(inherited)",
				);
				GCC_WARN_64_TO_32_BIT_CONVERSION = YES;
				GCC_WARN_ABOUT_RETURN_TYPE = YES_ERROR;
				GCC_WARN_UNDECLARED_SELECTOR = YES;
				GCC_WARN_UNINITIALIZED_AUTOS = YES_AGGRESSIVE;
				GCC_WARN_UNUSED_FUNCTION = YES;
				GCC_WARN_UNUSED_VARIABLE = YES;
				IPHONEOS_DEPLOYMENT_TARGET = 12.1;
				MTL_ENABLE_DEBUG_INFO = INCLUDE_SOURCE;
				MTL_FAST_MATH = YES;
				ONLY_ACTIVE_ARCH = YES;
				SDKROOT = iphoneos;
				SWIFT_ACTIVE_COMPILATION_CONDITIONS = DEBUG;
				SWIFT_OPTIMIZATION_LEVEL = "-Onone";
			};
			name = Debug;
		};
		8DEDDDEF22619EBD00675B0F /* Release */ = {
			isa = XCBuildConfiguration;
			buildSettings = {
				ALWAYS_SEARCH_USER_PATHS = NO;
				CLANG_ANALYZER_NONNULL = YES;
				CLANG_ANALYZER_NUMBER_OBJECT_CONVERSION = YES_AGGRESSIVE;
				CLANG_CXX_LANGUAGE_STANDARD = "gnu++14";
				CLANG_CXX_LIBRARY = "libc++";
				CLANG_ENABLE_MODULES = YES;
				CLANG_ENABLE_OBJC_ARC = YES;
				CLANG_ENABLE_OBJC_WEAK = YES;
				CLANG_WARN_BLOCK_CAPTURE_AUTORELEASING = YES;
				CLANG_WARN_BOOL_CONVERSION = YES;
				CLANG_WARN_COMMA = YES;
				CLANG_WARN_CONSTANT_CONVERSION = YES;
				CLANG_WARN_DEPRECATED_OBJC_IMPLEMENTATIONS = YES;
				CLANG_WARN_DIRECT_OBJC_ISA_USAGE = YES_ERROR;
				CLANG_WARN_DOCUMENTATION_COMMENTS = YES;
				CLANG_WARN_EMPTY_BODY = YES;
				CLANG_WARN_ENUM_CONVERSION = YES;
				CLANG_WARN_INFINITE_RECURSION = YES;
				CLANG_WARN_INT_CONVERSION = YES;
				CLANG_WARN_NON_LITERAL_NULL_CONVERSION = YES;
				CLANG_WARN_OBJC_IMPLICIT_RETAIN_SELF = YES;
				CLANG_WARN_OBJC_LITERAL_CONVERSION = YES;
				CLANG_WARN_OBJC_ROOT_CLASS = YES_ERROR;
				CLANG_WARN_RANGE_LOOP_ANALYSIS = YES;
				CLANG_WARN_STRICT_PROTOTYPES = YES;
				CLANG_WARN_SUSPICIOUS_MOVE = YES;
				CLANG_WARN_UNGUARDED_AVAILABILITY = YES_AGGRESSIVE;
				CLANG_WARN_UNREACHABLE_CODE = YES;
				CLANG_WARN__DUPLICATE_METHOD_MATCH = YES;
				CODE_SIGN_IDENTITY = "iPhone Developer";
				COPY_PHASE_STRIP = NO;
				DEBUG_INFORMATION_FORMAT = "dwarf-with-dsym";
				ENABLE_NS_ASSERTIONS = NO;
				ENABLE_STRICT_OBJC_MSGSEND = YES;
				GCC_C_LANGUAGE_STANDARD = gnu11;
				GCC_NO_COMMON_BLOCKS = YES;
				GCC_WARN_64_TO_32_BIT_CONVERSION = YES;
				GCC_WARN_ABOUT_RETURN_TYPE = YES_ERROR;
				GCC_WARN_UNDECLARED_SELECTOR = YES;
				GCC_WARN_UNINITIALIZED_AUTOS = YES_AGGRESSIVE;
				GCC_WARN_UNUSED_FUNCTION = YES;
				GCC_WARN_UNUSED_VARIABLE = YES;
				IPHONEOS_DEPLOYMENT_TARGET = 12.1;
				MTL_ENABLE_DEBUG_INFO = NO;
				MTL_FAST_MATH = YES;
				SDKROOT = iphoneos;
				SWIFT_COMPILATION_MODE = wholemodule;
				SWIFT_OPTIMIZATION_LEVEL = "-O";
				VALIDATE_PRODUCT = YES;
			};
			name = Release;
		};
		8DEDDDF122619EBD00675B0F /* Debug */ = {
			isa = XCBuildConfiguration;
			buildSettings = {
				ASSETCATALOG_COMPILER_APPICON_NAME = AppIcon;
				CODE_SIGN_STYLE = Automatic;
				DEVELOPMENT_TEAM = QVK2WCEQ9X;
				INFOPLIST_FILE = Playground_Dependency_Injection_Basis/Info.plist;
				LD_RUNPATH_SEARCH_PATHS = (
					"$(inherited)",
					"@executable_path/Frameworks",
				);
				PRODUCT_BUNDLE_IDENTIFIER = "Me.Playground-Dependency-Injection-Basis";
				PRODUCT_NAME = "$(TARGET_NAME)";
				SWIFT_VERSION = 4.2;
				TARGETED_DEVICE_FAMILY = "1,2";
			};
			name = Debug;
		};
		8DEDDDF222619EBD00675B0F /* Release */ = {
			isa = XCBuildConfiguration;
			buildSettings = {
				ASSETCATALOG_COMPILER_APPICON_NAME = AppIcon;
				CODE_SIGN_STYLE = Automatic;
				DEVELOPMENT_TEAM = QVK2WCEQ9X;
				INFOPLIST_FILE = Playground_Dependency_Injection_Basis/Info.plist;
				LD_RUNPATH_SEARCH_PATHS = (
					"$(inherited)",
					"@executable_path/Frameworks",
				);
				PRODUCT_BUNDLE_IDENTIFIER = "Me.Playground-Dependency-Injection-Basis";
				PRODUCT_NAME = "$(TARGET_NAME)";
				SWIFT_VERSION = 4.2;
				TARGETED_DEVICE_FAMILY = "1,2";
			};
			name = Release;
		};
/* End XCBuildConfiguration section */

/* Begin XCConfigurationList section */
		8DEDDDD922619EBC00675B0F /* Build configuration list for PBXProject "Playground_Dependency_Injection_Basis" */ = {
			isa = XCConfigurationList;
			buildConfigurations = (
				8DEDDDEE22619EBD00675B0F /* Debug */,
				8DEDDDEF22619EBD00675B0F /* Release */,
			);
			defaultConfigurationIsVisible = 0;
			defaultConfigurationName = Release;
		};
		8DEDDDF022619EBD00675B0F /* Build configuration list for PBXNativeTarget "Playground_Dependency_Injection_Basis" */ = {
			isa = XCConfigurationList;
			buildConfigurations = (
				8DEDDDF122619EBD00675B0F /* Debug */,
				8DEDDDF222619EBD00675B0F /* Release */,
			);
			defaultConfigurationIsVisible = 0;
			defaultConfigurationName = Release;
		};
/* End XCConfigurationList section */
	};
	rootObject = 8DEDDDD622619EBC00675B0F /* Project object */;
}
