// !$*UTF8*$!
{
	archiveVersion = 1;
	classes = {
	};
	objectVersion = 50;
	objects = {

/* Begin PBXBuildFile section */
		8D61A84920D0473900BBA241 /* AppDelegate.swift in Sources */ = {isa = PBXBuildFile; fileRef = 8D61A84820D0473900BBA241 /* AppDelegate.swift */; };
		8D61A84B20D0473900BBA241 /* ViewController.swift in Sources */ = {isa = PBXBuildFile; fileRef = 8D61A84A20D0473900BBA241 /* ViewController.swift */; };
		8D61A84E20D0473900BBA241 /* Main.storyboard in Resources */ = {isa = PBXBuildFile; fileRef = 8D61A84C20D0473900BBA241 /* Main.storyboard */; };
		8D61A85120D0473900BBA241 /* Playground_Closure.xcdatamodeld in Sources */ = {isa = PBXBuildFile; fileRef = 8D61A84F20D0473900BBA241 /* Playground_Closure.xcdatamodeld */; };
		8D61A85320D0473A00BBA241 /* Assets.xcassets in Resources */ = {isa = PBXBuildFile; fileRef = 8D61A85220D0473A00BBA241 /* Assets.xcassets */; };
		8D61A85620D0473A00BBA241 /* LaunchScreen.storyboard in Resources */ = {isa = PBXBuildFile; fileRef = 8D61A85420D0473A00BBA241 /* LaunchScreen.storyboard */; };
/* End PBXBuildFile section */

/* Begin PBXContainerItemProxy section */
		C70CD99D20DBAA9900B741B9 /* PBXContainerItemProxy */ = {
			isa = PBXContainerItemProxy;
			containerPortal = C70CD99920DBAA9900B741B9 /* Playground_Enum_Class_Struct.xcodeproj */;
			proxyType = 2;
			remoteGlobalIDString = C7783D0B20D3E20A00A68853;
			remoteInfo = Playground_Enum_Class_Struct;
		};
/* End PBXContainerItemProxy section */

/* Begin PBXFileReference section */
		8D61A84520D0473900BBA241 /* Playground_Closure.app */ = {isa = PBXFileReference; explicitFileType = wrapper.application; includeInIndex = 0; path = Playground_Closure.app; sourceTree = BUILT_PRODUCTS_DIR; };
		8D61A84820D0473900BBA241 /* AppDelegate.swift */ = {isa = PBXFileReference; lastKnownFileType = sourcecode.swift; path = AppDelegate.swift; sourceTree = "<group>"; };
		8D61A84A20D0473900BBA241 /* ViewController.swift */ = {isa = PBXFileReference; lastKnownFileType = sourcecode.swift; path = ViewController.swift; sourceTree = "<group>"; };
		8D61A84D20D0473900BBA241 /* Base */ = {isa = PBXFileReference; lastKnownFileType = file.storyboard; name = Base; path = Base.lproj/Main.storyboard; sourceTree = "<group>"; };
		8D61A85020D0473900BBA241 /* Playground_Closure.xcdatamodel */ = {isa = PBXFileReference; lastKnownFileType = wrapper.xcdatamodel; path = Playground_Closure.xcdatamodel; sourceTree = "<group>"; };
		8D61A85220D0473A00BBA241 /* Assets.xcassets */ = {isa = PBXFileReference; lastKnownFileType = folder.assetcatalog; path = Assets.xcassets; sourceTree = "<group>"; };
		8D61A85520D0473A00BBA241 /* Base */ = {isa = PBXFileReference; lastKnownFileType = file.storyboard; name = Base; path = Base.lproj/LaunchScreen.storyboard; sourceTree = "<group>"; };
		8D61A85720D0473A00BBA241 /* Info.plist */ = {isa = PBXFileReference; lastKnownFileType = text.plist.xml; path = Info.plist; sourceTree = "<group>"; };
		C70CD99920DBAA9900B741B9 /* Playground_Enum_Class_Struct.xcodeproj */ = {isa = PBXFileReference; lastKnownFileType = "wrapper.pb-project"; name = Playground_Enum_Class_Struct.xcodeproj; path = ../Playground_Enum_Class_Struct/Playground_Enum_Class_Struct.xcodeproj; sourceTree = "<group>"; };
/* End PBXFileReference section */

/* Begin PBXFrameworksBuildPhase section */
		8D61A84220D0473900BBA241 /* Frameworks */ = {
			isa = PBXFrameworksBuildPhase;
			buildActionMask = 2147483647;
			files = (
			);
			runOnlyForDeploymentPostprocessing = 0;
		};
/* End PBXFrameworksBuildPhase section */

/* Begin PBXGroup section */
		8D61A83C20D0473900BBA241 = {
			isa = PBXGroup;
			children = (
				C70CD99920DBAA9900B741B9 /* Playground_Enum_Class_Struct.xcodeproj */,
				8D61A84720D0473900BBA241 /* Playground_Closure */,
				8D61A84620D0473900BBA241 /* Products */,
			);
			sourceTree = "<group>";
		};
		8D61A84620D0473900BBA241 /* Products */ = {
			isa = PBXGroup;
			children = (
				8D61A84520D0473900BBA241 /* Playground_Closure.app */,
			);
			name = Products;
			sourceTree = "<group>";
		};
		8D61A84720D0473900BBA241 /* Playground_Closure */ = {
			isa = PBXGroup;
			children = (
				8D61A84820D0473900BBA241 /* AppDelegate.swift */,
				8D61A84A20D0473900BBA241 /* ViewController.swift */,
				8D61A84C20D0473900BBA241 /* Main.storyboard */,
				8D61A85220D0473A00BBA241 /* Assets.xcassets */,
				8D61A85420D0473A00BBA241 /* LaunchScreen.storyboard */,
				8D61A85720D0473A00BBA241 /* Info.plist */,
				8D61A84F20D0473900BBA241 /* Playground_Closure.xcdatamodeld */,
			);
			path = Playground_Closure;
			sourceTree = "<group>";
		};
		C70CD99A20DBAA9900B741B9 /* Products */ = {
			isa = PBXGroup;
			children = (
				C70CD99E20DBAA9900B741B9 /* Playground_Enum_Class_Struct.app */,
			);
			name = Products;
			sourceTree = "<group>";
		};
/* End PBXGroup section */

/* Begin PBXNativeTarget section */
		8D61A84420D0473900BBA241 /* Playground_Closure */ = {
			isa = PBXNativeTarget;
			buildConfigurationList = 8D61A85A20D0473A00BBA241 /* Build configuration list for PBXNativeTarget "Playground_Closure" */;
			buildPhases = (
				8D61A84120D0473900BBA241 /* Sources */,
				8D61A84220D0473900BBA241 /* Frameworks */,
				8D61A84320D0473900BBA241 /* Resources */,
			);
			buildRules = (
			);
			dependencies = (
			);
			name = Playground_Closure;
			productName = Playground_Closure;
			productReference = 8D61A84520D0473900BBA241 /* Playground_Closure.app */;
			productType = "com.apple.product-type.application";
		};
/* End PBXNativeTarget section */

/* Begin PBXProject section */
		8D61A83D20D0473900BBA241 /* Project object */ = {
			isa = PBXProject;
			attributes = {
				LastSwiftUpdateCheck = 0930;
				LastUpgradeCheck = 0930;
				ORGANIZATIONNAME = "Romuald Brochard";
				TargetAttributes = {
					8D61A84420D0473900BBA241 = {
						CreatedOnToolsVersion = 9.3.1;
					};
				};
			};
			buildConfigurationList = 8D61A84020D0473900BBA241 /* Build configuration list for PBXProject "Playground_Closure" */;
			compatibilityVersion = "Xcode 9.3";
			developmentRegion = en;
			hasScannedForEncodings = 0;
			knownRegions = (
				en,
				Base,
			);
			mainGroup = 8D61A83C20D0473900BBA241;
			productRefGroup = 8D61A84620D0473900BBA241 /* Products */;
			projectDirPath = "";
			projectReferences = (
				{
					ProductGroup = C70CD99A20DBAA9900B741B9 /* Products */;
					ProjectRef = C70CD99920DBAA9900B741B9 /* Playground_Enum_Class_Struct.xcodeproj */;
				},
			);
			projectRoot = "";
			targets = (
				8D61A84420D0473900BBA241 /* Playground_Closure */,
			);
		};
/* End PBXProject section */

/* Begin PBXReferenceProxy section */
		C70CD99E20DBAA9900B741B9 /* Playground_Enum_Class_Struct.app */ = {
			isa = PBXReferenceProxy;
			fileType = wrapper.application;
			path = Playground_Enum_Class_Struct.app;
			remoteRef = C70CD99D20DBAA9900B741B9 /* PBXContainerItemProxy */;
			sourceTree = BUILT_PRODUCTS_DIR;
		};
/* End PBXReferenceProxy section */

/* Begin PBXResourcesBuildPhase section */
		8D61A84320D0473900BBA241 /* Resources */ = {
			isa = PBXResourcesBuildPhase;
			buildActionMask = 2147483647;
			files = (
				8D61A85620D0473A00BBA241 /* LaunchScreen.storyboard in Resources */,
				8D61A85320D0473A00BBA241 /* Assets.xcassets in Resources */,
				8D61A84E20D0473900BBA241 /* Main.storyboard in Resources */,
			);
			runOnlyForDeploymentPostprocessing = 0;
		};
/* End PBXResourcesBuildPhase section */

/* Begin PBXSourcesBuildPhase section */
		8D61A84120D0473900BBA241 /* Sources */ = {
			isa = PBXSourcesBuildPhase;
			buildActionMask = 2147483647;
			files = (
				8D61A85120D0473900BBA241 /* Playground_Closure.xcdatamodeld in Sources */,
				8D61A84B20D0473900BBA241 /* ViewController.swift in Sources */,
				8D61A84920D0473900BBA241 /* AppDelegate.swift in Sources */,
			);
			runOnlyForDeploymentPostprocessing = 0;
		};
/* End PBXSourcesBuildPhase section */

/* Begin PBXVariantGroup section */
		8D61A84C20D0473900BBA241 /* Main.storyboard */ = {
			isa = PBXVariantGroup;
			children = (
				8D61A84D20D0473900BBA241 /* Base */,
			);
			name = Main.storyboard;
			sourceTree = "<group>";
		};
		8D61A85420D0473A00BBA241 /* LaunchScreen.storyboard */ = {
			isa = PBXVariantGroup;
			children = (
				8D61A85520D0473A00BBA241 /* Base */,
			);
			name = LaunchScreen.storyboard;
			sourceTree = "<group>";
		};
/* End PBXVariantGroup section */

/* Begin XCBuildConfiguration section */
		8D61A85820D0473A00BBA241 /* Debug */ = {
			isa = XCBuildConfiguration;
			buildSettings = {
				ALWAYS_SEARCH_USER_PATHS = NO;
				CLANG_ANALYZER_NONNULL = YES;
				CLANG_ANALYZER_NUMBER_OBJECT_CONVERSION = YES_AGGRESSIVE;
				CLANG_CXX_LANGUAGE_STANDARD = "gnu++14";
				CLANG_CXX_LIBRARY = "libc++";
				CLANG_ENABLE_MODULES = YES;
				CLANG_ENABLE_OBJC_ARC = YES;
				CLANG_ENABLE_OBJC_WEAK = YES;
				CLANG_WARN_BLOCK_CAPTURE_AUTORELEASING = YES;
				CLANG_WARN_BOOL_CONVERSION = YES;
				CLANG_WARN_COMMA = YES;
				CLANG_WARN_CONSTANT_CONVERSION = YES;
				CLANG_WARN_DEPRECATED_OBJC_IMPLEMENTATIONS = YES;
				CLANG_WARN_DIRECT_OBJC_ISA_USAGE = YES_ERROR;
				CLANG_WARN_DOCUMENTATION_COMMENTS = YES;
				CLANG_WARN_EMPTY_BODY = YES;
				CLANG_WARN_ENUM_CONVERSION = YES;
				CLANG_WARN_INFINITE_RECURSION = YES;
				CLANG_WARN_INT_CONVERSION = YES;
				CLANG_WARN_NON_LITERAL_NULL_CONVERSION = YES;
				CLANG_WARN_OBJC_IMPLICIT_RETAIN_SELF = YES;
				CLANG_WARN_OBJC_LITERAL_CONVERSION = YES;
				CLANG_WARN_OBJC_ROOT_CLASS = YES_ERROR;
				CLANG_WARN_RANGE_LOOP_ANALYSIS = YES;
				CLANG_WARN_STRICT_PROTOTYPES = YES;
				CLANG_WARN_SUSPICIOUS_MOVE = YES;
				CLANG_WARN_UNGUARDED_AVAILABILITY = YES_AGGRESSIVE;
				CLANG_WARN_UNREACHABLE_CODE = YES;
				CLANG_WARN__DUPLICATE_METHOD_MATCH = YES;
				CODE_SIGN_IDENTITY = "iPhone Developer";
				COPY_PHASE_STRIP = NO;
				DEBUG_INFORMATION_FORMAT = dwarf;
				ENABLE_STRICT_OBJC_MSGSEND = YES;
				ENABLE_TESTABILITY = YES;
				GCC_C_LANGUAGE_STANDARD = gnu11;
				GCC_DYNAMIC_NO_PIC = NO;
				GCC_NO_COMMON_BLOCKS = YES;
				GCC_OPTIMIZATION_LEVEL = 0;
				GCC_PREPROCESSOR_DEFINITIONS = (
					"DEBUG=1",
					"$(inherited)",
				);
				GCC_WARN_64_TO_32_BIT_CONVERSION = YES;
				GCC_WARN_ABOUT_RETURN_TYPE = YES_ERROR;
				GCC_WARN_UNDECLARED_SELECTOR = YES;
				GCC_WARN_UNINITIALIZED_AUTOS = YES_AGGRESSIVE;
				GCC_WARN_UNUSED_FUNCTION = YES;
				GCC_WARN_UNUSED_VARIABLE = YES;
				IPHONEOS_DEPLOYMENT_TARGET = 11.3;
				MTL_ENABLE_DEBUG_INFO = YES;
				ONLY_ACTIVE_ARCH = YES;
				SDKROOT = iphoneos;
				SWIFT_ACTIVE_COMPILATION_CONDITIONS = DEBUG;
				SWIFT_OPTIMIZATION_LEVEL = "-Onone";
			};
			name = Debug;
		};
		8D61A85920D0473A00BBA241 /* Release */ = {
			isa = XCBuildConfiguration;
			buildSettings = {
				ALWAYS_SEARCH_USER_PATHS = NO;
				CLANG_ANALYZER_NONNULL = YES;
				CLANG_ANALYZER_NUMBER_OBJECT_CONVERSION = YES_AGGRESSIVE;
				CLANG_CXX_LANGUAGE_STANDARD = "gnu++14";
				CLANG_CXX_LIBRARY = "libc++";
				CLANG_ENABLE_MODULES = YES;
				CLANG_ENABLE_OBJC_ARC = YES;
				CLANG_ENABLE_OBJC_WEAK = YES;
				CLANG_WARN_BLOCK_CAPTURE_AUTORELEASING = YES;
				CLANG_WARN_BOOL_CONVERSION = YES;
				CLANG_WARN_COMMA = YES;
				CLANG_WARN_CONSTANT_CONVERSION = YES;
				CLANG_WARN_DEPRECATED_OBJC_IMPLEMENTATIONS = YES;
				CLANG_WARN_DIRECT_OBJC_ISA_USAGE = YES_ERROR;
				CLANG_WARN_DOCUMENTATION_COMMENTS = YES;
				CLANG_WARN_EMPTY_BODY = YES;
				CLANG_WARN_ENUM_CONVERSION = YES;
				CLANG_WARN_INFINITE_RECURSION = YES;
				CLANG_WARN_INT_CONVERSION = YES;
				CLANG_WARN_NON_LITERAL_NULL_CONVERSION = YES;
				CLANG_WARN_OBJC_IMPLICIT_RETAIN_SELF = YES;
				CLANG_WARN_OBJC_LITERAL_CONVERSION = YES;
				CLANG_WARN_OBJC_ROOT_CLASS = YES_ERROR;
				CLANG_WARN_RANGE_LOOP_ANALYSIS = YES;
				CLANG_WARN_STRICT_PROTOTYPES = YES;
				CLANG_WARN_SUSPICIOUS_MOVE = YES;
				CLANG_WARN_UNGUARDED_AVAILABILITY = YES_AGGRESSIVE;
				CLANG_WARN_UNREACHABLE_CODE = YES;
				CLANG_WARN__DUPLICATE_METHOD_MATCH = YES;
				CODE_SIGN_IDENTITY = "iPhone Developer";
				COPY_PHASE_STRIP = NO;
				DEBUG_INFORMATION_FORMAT = "dwarf-with-dsym";
				ENABLE_NS_ASSERTIONS = NO;
				ENABLE_STRICT_OBJC_MSGSEND = YES;
				GCC_C_LANGUAGE_STANDARD = gnu11;
				GCC_NO_COMMON_BLOCKS = YES;
				GCC_WARN_64_TO_32_BIT_CONVERSION = YES;
				GCC_WARN_ABOUT_RETURN_TYPE = YES_ERROR;
				GCC_WARN_UNDECLARED_SELECTOR = YES;
				GCC_WARN_UNINITIALIZED_AUTOS = YES_AGGRESSIVE;
				GCC_WARN_UNUSED_FUNCTION = YES;
				GCC_WARN_UNUSED_VARIABLE = YES;
				IPHONEOS_DEPLOYMENT_TARGET = 11.3;
				MTL_ENABLE_DEBUG_INFO = NO;
				SDKROOT = iphoneos;
				SWIFT_COMPILATION_MODE = wholemodule;
				SWIFT_OPTIMIZATION_LEVEL = "-O";
				VALIDATE_PRODUCT = YES;
			};
			name = Release;
		};
		8D61A85B20D0473A00BBA241 /* Debug */ = {
			isa = XCBuildConfiguration;
			buildSettings = {
				ASSETCATALOG_COMPILER_APPICON_NAME = AppIcon;
				CODE_SIGN_STYLE = Automatic;
				DEVELOPMENT_TEAM = QVK2WCEQ9X;
				INFOPLIST_FILE = Playground_Closure/Info.plist;
				LD_RUNPATH_SEARCH_PATHS = (
					"$(inherited)",
					"@executable_path/Frameworks",
				);
				PRODUCT_BUNDLE_IDENTIFIER = "Me.Playground-Closure";
				PRODUCT_NAME = "$(TARGET_NAME)";
				SWIFT_VERSION = 4.0;
				TARGETED_DEVICE_FAMILY = "1,2";
			};
			name = Debug;
		};
		8D61A85C20D0473A00BBA241 /* Release */ = {
			isa = XCBuildConfiguration;
			buildSettings = {
				ASSETCATALOG_COMPILER_APPICON_NAME = AppIcon;
				CODE_SIGN_STYLE = Automatic;
				DEVELOPMENT_TEAM = QVK2WCEQ9X;
				INFOPLIST_FILE = Playground_Closure/Info.plist;
				LD_RUNPATH_SEARCH_PATHS = (
					"$(inherited)",
					"@executable_path/Frameworks",
				);
				PRODUCT_BUNDLE_IDENTIFIER = "Me.Playground-Closure";
				PRODUCT_NAME = "$(TARGET_NAME)";
				SWIFT_VERSION = 4.0;
				TARGETED_DEVICE_FAMILY = "1,2";
			};
			name = Release;
		};
/* End XCBuildConfiguration section */

/* Begin XCConfigurationList section */
		8D61A84020D0473900BBA241 /* Build configuration list for PBXProject "Playground_Closure" */ = {
			isa = XCConfigurationList;
			buildConfigurations = (
				8D61A85820D0473A00BBA241 /* Debug */,
				8D61A85920D0473A00BBA241 /* Release */,
			);
			defaultConfigurationIsVisible = 0;
			defaultConfigurationName = Release;
		};
		8D61A85A20D0473A00BBA241 /* Build configuration list for PBXNativeTarget "Playground_Closure" */ = {
			isa = XCConfigurationList;
			buildConfigurations = (
				8D61A85B20D0473A00BBA241 /* Debug */,
				8D61A85C20D0473A00BBA241 /* Release */,
			);
			defaultConfigurationIsVisible = 0;
			defaultConfigurationName = Release;
		};
/* End XCConfigurationList section */

/* Begin XCVersionGroup section */
		8D61A84F20D0473900BBA241 /* Playground_Closure.xcdatamodeld */ = {
			isa = XCVersionGroup;
			children = (
				8D61A85020D0473900BBA241 /* Playground_Closure.xcdatamodel */,
			);
			currentVersion = 8D61A85020D0473900BBA241 /* Playground_Closure.xcdatamodel */;
			path = Playground_Closure.xcdatamodeld;
			sourceTree = "<group>";
			versionGroupType = wrapper.xcdatamodel;
		};
/* End XCVersionGroup section */
	};
	rootObject = 8D61A83D20D0473900BBA241 /* Project object */;
}
