// !$*UTF8*$!
{
	archiveVersion = 1;
	classes = {
	};
	objectVersion = 50;
	objects = {

/* Begin PBXBuildFile section */
		8DA2D754217CAE8E00E6A8D7 /* AppDelegate.swift in Sources */ = {isa = PBXBuildFile; fileRef = 8DA2D753217CAE8E00E6A8D7 /* AppDelegate.swift */; };
		8DA2D756217CAE8E00E6A8D7 /* ViewController.swift in Sources */ = {isa = PBXBuildFile; fileRef = 8DA2D755217CAE8E00E6A8D7 /* ViewController.swift */; };
		8DA2D759217CAE8E00E6A8D7 /* Main.storyboard in Resources */ = {isa = PBXBuildFile; fileRef = 8DA2D757217CAE8E00E6A8D7 /* Main.storyboard */; };
		8DA2D75C217CAE8E00E6A8D7 /* Playground_Assets.xcdatamodeld in Sources */ = {isa = PBXBuildFile; fileRef = 8DA2D75A217CAE8E00E6A8D7 /* Playground_Assets.xcdatamodeld */; };
		8DA2D75E217CAE8F00E6A8D7 /* Assets.xcassets in Resources */ = {isa = PBXBuildFile; fileRef = 8DA2D75D217CAE8F00E6A8D7 /* Assets.xcassets */; };
		8DA2D761217CAE8F00E6A8D7 /* LaunchScreen.storyboard in Resources */ = {isa = PBXBuildFile; fileRef = 8DA2D75F217CAE8F00E6A8D7 /* LaunchScreen.storyboard */; };
/* End PBXBuildFile section */

/* Begin PBXContainerItemProxy section */
		C7C98A402191CF6C008B3029 /* PBXContainerItemProxy */ = {
			isa = PBXContainerItemProxy;
			containerPortal = C7C98A3B2191CF6C008B3029 /* Pods.xcodeproj */;
			proxyType = 2;
			remoteGlobalIDString = EE48AF02065F8EFA811739275B12B764;
			remoteInfo = "lottie-ios";
		};
		C7C98A422191CF6C008B3029 /* PBXContainerItemProxy */ = {
			isa = PBXContainerItemProxy;
			containerPortal = C7C98A3B2191CF6C008B3029 /* Pods.xcodeproj */;
			proxyType = 2;
			remoteGlobalIDString = 58698201FC80723DC4E746E4711A36AF;
			remoteInfo = "Pods-Playground_Graphics";
		};
/* End PBXContainerItemProxy section */

/* Begin PBXFileReference section */
		8DA2D750217CAE8E00E6A8D7 /* Playground_Assets.app */ = {isa = PBXFileReference; explicitFileType = wrapper.application; includeInIndex = 0; path = Playground_Assets.app; sourceTree = BUILT_PRODUCTS_DIR; };
		8DA2D753217CAE8E00E6A8D7 /* AppDelegate.swift */ = {isa = PBXFileReference; lastKnownFileType = sourcecode.swift; path = AppDelegate.swift; sourceTree = "<group>"; };
		8DA2D755217CAE8E00E6A8D7 /* ViewController.swift */ = {isa = PBXFileReference; lastKnownFileType = sourcecode.swift; path = ViewController.swift; sourceTree = "<group>"; };
		8DA2D758217CAE8E00E6A8D7 /* Base */ = {isa = PBXFileReference; lastKnownFileType = file.storyboard; name = Base; path = Base.lproj/Main.storyboard; sourceTree = "<group>"; };
		8DA2D75B217CAE8E00E6A8D7 /* Playground_Assets.xcdatamodel */ = {isa = PBXFileReference; lastKnownFileType = wrapper.xcdatamodel; path = Playground_Assets.xcdatamodel; sourceTree = "<group>"; };
		8DA2D75D217CAE8F00E6A8D7 /* Assets.xcassets */ = {isa = PBXFileReference; lastKnownFileType = folder.assetcatalog; path = Assets.xcassets; sourceTree = "<group>"; };
		8DA2D760217CAE8F00E6A8D7 /* Base */ = {isa = PBXFileReference; lastKnownFileType = file.storyboard; name = Base; path = Base.lproj/LaunchScreen.storyboard; sourceTree = "<group>"; };
		8DA2D762217CAE8F00E6A8D7 /* Info.plist */ = {isa = PBXFileReference; lastKnownFileType = text.plist.xml; path = Info.plist; sourceTree = "<group>"; };
		C7C98A3B2191CF6C008B3029 /* Pods.xcodeproj */ = {isa = PBXFileReference; lastKnownFileType = "wrapper.pb-project"; name = Pods.xcodeproj; path = ../Pods/Pods.xcodeproj; sourceTree = "<group>"; };
/* End PBXFileReference section */

/* Begin PBXFrameworksBuildPhase section */
		8DA2D74D217CAE8E00E6A8D7 /* Frameworks */ = {
			isa = PBXFrameworksBuildPhase;
			buildActionMask = 2147483647;
			files = (
			);
			runOnlyForDeploymentPostprocessing = 0;
		};
/* End PBXFrameworksBuildPhase section */

/* Begin PBXGroup section */
		8DA2D747217CAE8E00E6A8D7 = {
			isa = PBXGroup;
			children = (
				C7C98A3B2191CF6C008B3029 /* Pods.xcodeproj */,
				8DA2D752217CAE8E00E6A8D7 /* Playground_Assets */,
				8DA2D751217CAE8E00E6A8D7 /* Products */,
			);
			sourceTree = "<group>";
		};
		8DA2D751217CAE8E00E6A8D7 /* Products */ = {
			isa = PBXGroup;
			children = (
				8DA2D750217CAE8E00E6A8D7 /* Playground_Assets.app */,
			);
			name = Products;
			sourceTree = "<group>";
		};
		8DA2D752217CAE8E00E6A8D7 /* Playground_Assets */ = {
			isa = PBXGroup;
			children = (
				8DA2D753217CAE8E00E6A8D7 /* AppDelegate.swift */,
				8DA2D755217CAE8E00E6A8D7 /* ViewController.swift */,
				8DA2D757217CAE8E00E6A8D7 /* Main.storyboard */,
				8DA2D75D217CAE8F00E6A8D7 /* Assets.xcassets */,
				8DA2D75F217CAE8F00E6A8D7 /* LaunchScreen.storyboard */,
				8DA2D762217CAE8F00E6A8D7 /* Info.plist */,
				8DA2D75A217CAE8E00E6A8D7 /* Playground_Assets.xcdatamodeld */,
			);
			path = Playground_Assets;
			sourceTree = "<group>";
		};
		C7C98A3C2191CF6C008B3029 /* Products */ = {
			isa = PBXGroup;
			children = (
				C7C98A412191CF6C008B3029 /* Lottie.framework */,
				C7C98A432191CF6C008B3029 /* Pods_Playground_Graphics.framework */,
			);
			name = Products;
			sourceTree = "<group>";
		};
/* End PBXGroup section */

/* Begin PBXNativeTarget section */
		8DA2D74F217CAE8E00E6A8D7 /* Playground_Assets */ = {
			isa = PBXNativeTarget;
			buildConfigurationList = 8DA2D765217CAE8F00E6A8D7 /* Build configuration list for PBXNativeTarget "Playground_Assets" */;
			buildPhases = (
				8DA2D74C217CAE8E00E6A8D7 /* Sources */,
				8DA2D74D217CAE8E00E6A8D7 /* Frameworks */,
				8DA2D74E217CAE8E00E6A8D7 /* Resources */,
			);
			buildRules = (
			);
			dependencies = (
			);
			name = Playground_Assets;
			productName = Playground_Assets;
			productReference = 8DA2D750217CAE8E00E6A8D7 /* Playground_Assets.app */;
			productType = "com.apple.product-type.application";
		};
/* End PBXNativeTarget section */

/* Begin PBXProject section */
		8DA2D748217CAE8E00E6A8D7 /* Project object */ = {
			isa = PBXProject;
			attributes = {
				LastSwiftUpdateCheck = 1000;
				LastUpgradeCheck = 1000;
				ORGANIZATIONNAME = "Romuald Brochard";
				TargetAttributes = {
					8DA2D74F217CAE8E00E6A8D7 = {
						CreatedOnToolsVersion = 10.0;
					};
				};
			};
			buildConfigurationList = 8DA2D74B217CAE8E00E6A8D7 /* Build configuration list for PBXProject "Playground_Assets" */;
			compatibilityVersion = "Xcode 9.3";
			developmentRegion = en;
			hasScannedForEncodings = 0;
			knownRegions = (
				en,
				Base,
			);
			mainGroup = 8DA2D747217CAE8E00E6A8D7;
			productRefGroup = 8DA2D751217CAE8E00E6A8D7 /* Products */;
			projectDirPath = "";
			projectReferences = (
				{
					ProductGroup = C7C98A3C2191CF6C008B3029 /* Products */;
					ProjectRef = C7C98A3B2191CF6C008B3029 /* Pods.xcodeproj */;
				},
			);
			projectRoot = "";
			targets = (
				8DA2D74F217CAE8E00E6A8D7 /* Playground_Assets */,
			);
		};
/* End PBXProject section */

/* Begin PBXReferenceProxy section */
		C7C98A412191CF6C008B3029 /* Lottie.framework */ = {
			isa = PBXReferenceProxy;
			fileType = wrapper.framework;
			path = Lottie.framework;
			remoteRef = C7C98A402191CF6C008B3029 /* PBXContainerItemProxy */;
			sourceTree = BUILT_PRODUCTS_DIR;
		};
		C7C98A432191CF6C008B3029 /* Pods_Playground_Graphics.framework */ = {
			isa = PBXReferenceProxy;
			fileType = wrapper.framework;
			path = Pods_Playground_Graphics.framework;
			remoteRef = C7C98A422191CF6C008B3029 /* PBXContainerItemProxy */;
			sourceTree = BUILT_PRODUCTS_DIR;
		};
/* End PBXReferenceProxy section */

/* Begin PBXResourcesBuildPhase section */
		8DA2D74E217CAE8E00E6A8D7 /* Resources */ = {
			isa = PBXResourcesBuildPhase;
			buildActionMask = 2147483647;
			files = (
				8DA2D761217CAE8F00E6A8D7 /* LaunchScreen.storyboard in Resources */,
				8DA2D75E217CAE8F00E6A8D7 /* Assets.xcassets in Resources */,
				8DA2D759217CAE8E00E6A8D7 /* Main.storyboard in Resources */,
			);
			runOnlyForDeploymentPostprocessing = 0;
		};
/* End PBXResourcesBuildPhase section */

/* Begin PBXSourcesBuildPhase section */
		8DA2D74C217CAE8E00E6A8D7 /* Sources */ = {
			isa = PBXSourcesBuildPhase;
			buildActionMask = 2147483647;
			files = (
				8DA2D756217CAE8E00E6A8D7 /* ViewController.swift in Sources */,
				8DA2D75C217CAE8E00E6A8D7 /* Playground_Assets.xcdatamodeld in Sources */,
				8DA2D754217CAE8E00E6A8D7 /* AppDelegate.swift in Sources */,
			);
			runOnlyForDeploymentPostprocessing = 0;
		};
/* End PBXSourcesBuildPhase section */

/* Begin PBXVariantGroup section */
		8DA2D757217CAE8E00E6A8D7 /* Main.storyboard */ = {
			isa = PBXVariantGroup;
			children = (
				8DA2D758217CAE8E00E6A8D7 /* Base */,
			);
			name = Main.storyboard;
			sourceTree = "<group>";
		};
		8DA2D75F217CAE8F00E6A8D7 /* LaunchScreen.storyboard */ = {
			isa = PBXVariantGroup;
			children = (
				8DA2D760217CAE8F00E6A8D7 /* Base */,
			);
			name = LaunchScreen.storyboard;
			sourceTree = "<group>";
		};
/* End PBXVariantGroup section */

/* Begin XCBuildConfiguration section */
		8DA2D763217CAE8F00E6A8D7 /* Debug */ = {
			isa = XCBuildConfiguration;
			buildSettings = {
				ALWAYS_SEARCH_USER_PATHS = NO;
				CLANG_ANALYZER_NONNULL = YES;
				CLANG_ANALYZER_NUMBER_OBJECT_CONVERSION = YES_AGGRESSIVE;
				CLANG_CXX_LANGUAGE_STANDARD = "gnu++14";
				CLANG_CXX_LIBRARY = "libc++";
				CLANG_ENABLE_MODULES = YES;
				CLANG_ENABLE_OBJC_ARC = YES;
				CLANG_ENABLE_OBJC_WEAK = YES;
				CLANG_WARN_BLOCK_CAPTURE_AUTORELEASING = YES;
				CLANG_WARN_BOOL_CONVERSION = YES;
				CLANG_WARN_COMMA = YES;
				CLANG_WARN_CONSTANT_CONVERSION = YES;
				CLANG_WARN_DEPRECATED_OBJC_IMPLEMENTATIONS = YES;
				CLANG_WARN_DIRECT_OBJC_ISA_USAGE = YES_ERROR;
				CLANG_WARN_DOCUMENTATION_COMMENTS = YES;
				CLANG_WARN_EMPTY_BODY = YES;
				CLANG_WARN_ENUM_CONVERSION = YES;
				CLANG_WARN_INFINITE_RECURSION = YES;
				CLANG_WARN_INT_CONVERSION = YES;
				CLANG_WARN_NON_LITERAL_NULL_CONVERSION = YES;
				CLANG_WARN_OBJC_IMPLICIT_RETAIN_SELF = YES;
				CLANG_WARN_OBJC_LITERAL_CONVERSION = YES;
				CLANG_WARN_OBJC_ROOT_CLASS = YES_ERROR;
				CLANG_WARN_RANGE_LOOP_ANALYSIS = YES;
				CLANG_WARN_STRICT_PROTOTYPES = YES;
				CLANG_WARN_SUSPICIOUS_MOVE = YES;
				CLANG_WARN_UNGUARDED_AVAILABILITY = YES_AGGRESSIVE;
				CLANG_WARN_UNREACHABLE_CODE = YES;
				CLANG_WARN__DUPLICATE_METHOD_MATCH = YES;
				CODE_SIGN_IDENTITY = "iPhone Developer";
				COPY_PHASE_STRIP = NO;
				DEBUG_INFORMATION_FORMAT = dwarf;
				ENABLE_STRICT_OBJC_MSGSEND = YES;
				ENABLE_TESTABILITY = YES;
				GCC_C_LANGUAGE_STANDARD = gnu11;
				GCC_DYNAMIC_NO_PIC = NO;
				GCC_NO_COMMON_BLOCKS = YES;
				GCC_OPTIMIZATION_LEVEL = 0;
				GCC_PREPROCESSOR_DEFINITIONS = (
					"DEBUG=1",
					"$(inherited)",
				);
				GCC_WARN_64_TO_32_BIT_CONVERSION = YES;
				GCC_WARN_ABOUT_RETURN_TYPE = YES_ERROR;
				GCC_WARN_UNDECLARED_SELECTOR = YES;
				GCC_WARN_UNINITIALIZED_AUTOS = YES_AGGRESSIVE;
				GCC_WARN_UNUSED_FUNCTION = YES;
				GCC_WARN_UNUSED_VARIABLE = YES;
				IPHONEOS_DEPLOYMENT_TARGET = 12.0;
				MTL_ENABLE_DEBUG_INFO = INCLUDE_SOURCE;
				MTL_FAST_MATH = YES;
				ONLY_ACTIVE_ARCH = YES;
				SDKROOT = iphoneos;
				SWIFT_ACTIVE_COMPILATION_CONDITIONS = DEBUG;
				SWIFT_OPTIMIZATION_LEVEL = "-Onone";
			};
			name = Debug;
		};
		8DA2D764217CAE8F00E6A8D7 /* Release */ = {
			isa = XCBuildConfiguration;
			buildSettings = {
				ALWAYS_SEARCH_USER_PATHS = NO;
				CLANG_ANALYZER_NONNULL = YES;
				CLANG_ANALYZER_NUMBER_OBJECT_CONVERSION = YES_AGGRESSIVE;
				CLANG_CXX_LANGUAGE_STANDARD = "gnu++14";
				CLANG_CXX_LIBRARY = "libc++";
				CLANG_ENABLE_MODULES = YES;
				CLANG_ENABLE_OBJC_ARC = YES;
				CLANG_ENABLE_OBJC_WEAK = YES;
				CLANG_WARN_BLOCK_CAPTURE_AUTORELEASING = YES;
				CLANG_WARN_BOOL_CONVERSION = YES;
				CLANG_WARN_COMMA = YES;
				CLANG_WARN_CONSTANT_CONVERSION = YES;
				CLANG_WARN_DEPRECATED_OBJC_IMPLEMENTATIONS = YES;
				CLANG_WARN_DIRECT_OBJC_ISA_USAGE = YES_ERROR;
				CLANG_WARN_DOCUMENTATION_COMMENTS = YES;
				CLANG_WARN_EMPTY_BODY = YES;
				CLANG_WARN_ENUM_CONVERSION = YES;
				CLANG_WARN_INFINITE_RECURSION = YES;
				CLANG_WARN_INT_CONVERSION = YES;
				CLANG_WARN_NON_LITERAL_NULL_CONVERSION = YES;
				CLANG_WARN_OBJC_IMPLICIT_RETAIN_SELF = YES;
				CLANG_WARN_OBJC_LITERAL_CONVERSION = YES;
				CLANG_WARN_OBJC_ROOT_CLASS = YES_ERROR;
				CLANG_WARN_RANGE_LOOP_ANALYSIS = YES;
				CLANG_WARN_STRICT_PROTOTYPES = YES;
				CLANG_WARN_SUSPICIOUS_MOVE = YES;
				CLANG_WARN_UNGUARDED_AVAILABILITY = YES_AGGRESSIVE;
				CLANG_WARN_UNREACHABLE_CODE = YES;
				CLANG_WARN__DUPLICATE_METHOD_MATCH = YES;
				CODE_SIGN_IDENTITY = "iPhone Developer";
				COPY_PHASE_STRIP = NO;
				DEBUG_INFORMATION_FORMAT = "dwarf-with-dsym";
				ENABLE_NS_ASSERTIONS = NO;
				ENABLE_STRICT_OBJC_MSGSEND = YES;
				GCC_C_LANGUAGE_STANDARD = gnu11;
				GCC_NO_COMMON_BLOCKS = YES;
				GCC_WARN_64_TO_32_BIT_CONVERSION = YES;
				GCC_WARN_ABOUT_RETURN_TYPE = YES_ERROR;
				GCC_WARN_UNDECLARED_SELECTOR = YES;
				GCC_WARN_UNINITIALIZED_AUTOS = YES_AGGRESSIVE;
				GCC_WARN_UNUSED_FUNCTION = YES;
				GCC_WARN_UNUSED_VARIABLE = YES;
				IPHONEOS_DEPLOYMENT_TARGET = 12.0;
				MTL_ENABLE_DEBUG_INFO = NO;
				MTL_FAST_MATH = YES;
				SDKROOT = iphoneos;
				SWIFT_COMPILATION_MODE = wholemodule;
				SWIFT_OPTIMIZATION_LEVEL = "-O";
				VALIDATE_PRODUCT = YES;
			};
			name = Release;
		};
		8DA2D766217CAE8F00E6A8D7 /* Debug */ = {
			isa = XCBuildConfiguration;
			buildSettings = {
				ASSETCATALOG_COMPILER_APPICON_NAME = AppIcon;
				CODE_SIGN_STYLE = Automatic;
				DEVELOPMENT_TEAM = QVK2WCEQ9X;
				INFOPLIST_FILE = Playground_Assets/Info.plist;
				LD_RUNPATH_SEARCH_PATHS = (
					"$(inherited)",
					"@executable_path/Frameworks",
				);
				PRODUCT_BUNDLE_IDENTIFIER = "Me.Playground-Assets";
				PRODUCT_NAME = "$(TARGET_NAME)";
				SWIFT_VERSION = 4.2;
				TARGETED_DEVICE_FAMILY = "1,2";
			};
			name = Debug;
		};
		8DA2D767217CAE8F00E6A8D7 /* Release */ = {
			isa = XCBuildConfiguration;
			buildSettings = {
				ASSETCATALOG_COMPILER_APPICON_NAME = AppIcon;
				CODE_SIGN_STYLE = Automatic;
				DEVELOPMENT_TEAM = QVK2WCEQ9X;
				INFOPLIST_FILE = Playground_Assets/Info.plist;
				LD_RUNPATH_SEARCH_PATHS = (
					"$(inherited)",
					"@executable_path/Frameworks",
				);
				PRODUCT_BUNDLE_IDENTIFIER = "Me.Playground-Assets";
				PRODUCT_NAME = "$(TARGET_NAME)";
				SWIFT_VERSION = 4.2;
				TARGETED_DEVICE_FAMILY = "1,2";
			};
			name = Release;
		};
/* End XCBuildConfiguration section */

/* Begin XCConfigurationList section */
		8DA2D74B217CAE8E00E6A8D7 /* Build configuration list for PBXProject "Playground_Assets" */ = {
			isa = XCConfigurationList;
			buildConfigurations = (
				8DA2D763217CAE8F00E6A8D7 /* Debug */,
				8DA2D764217CAE8F00E6A8D7 /* Release */,
			);
			defaultConfigurationIsVisible = 0;
			defaultConfigurationName = Release;
		};
		8DA2D765217CAE8F00E6A8D7 /* Build configuration list for PBXNativeTarget "Playground_Assets" */ = {
			isa = XCConfigurationList;
			buildConfigurations = (
				8DA2D766217CAE8F00E6A8D7 /* Debug */,
				8DA2D767217CAE8F00E6A8D7 /* Release */,
			);
			defaultConfigurationIsVisible = 0;
			defaultConfigurationName = Release;
		};
/* End XCConfigurationList section */

/* Begin XCVersionGroup section */
		8DA2D75A217CAE8E00E6A8D7 /* Playground_Assets.xcdatamodeld */ = {
			isa = XCVersionGroup;
			children = (
				8DA2D75B217CAE8E00E6A8D7 /* Playground_Assets.xcdatamodel */,
			);
			currentVersion = 8DA2D75B217CAE8E00E6A8D7 /* Playground_Assets.xcdatamodel */;
			path = Playground_Assets.xcdatamodeld;
			sourceTree = "<group>";
			versionGroupType = wrapper.xcdatamodel;
		};
/* End XCVersionGroup section */
	};
	rootObject = 8DA2D748217CAE8E00E6A8D7 /* Project object */;
}
